
Microsoft Visual Studio Solution File, Format Version 12.00
# Visual Studio Version 17
VisualStudioVersion = 17.10.35013.160
MinimumVisualStudioVersion = 10.0.40219.1
Project("{FAE04EC0-301F-11D3-BF4B-00C04F79EFBC}") = "Lab4-Deadlock", "Lab4-Deadlock.csproj", "{330D83F8-3A2D-4D38-8CB1-4D720840CEC6}"
EndProject
Global
	GlobalSection(SolutionConfigurationPlatforms) = preSolution
		Debug|Any CPU = Debug|Any CPU
		Release|Any CPU = Release|Any CPU
	EndGlobalSection
	GlobalSection(ProjectConfigurationPlatforms) = postSolution
		{330D83F8-3A2D-4D38-8CB1-4D720840CEC6}.Debug|Any CPU.ActiveCfg = Debug|Any CPU
		{330D83F8-3A2D-4D38-8CB1-4D720840CEC6}.Debug|Any CPU.Build.0 = Debug|Any CPU
		{330D83F8-3A2D-4D38-8CB1-4D720840CEC6}.Release|Any CPU.ActiveCfg = Release|Any CPU
		{330D83F8-3A2D-4D38-8CB1-4D720840CEC6}.Release|Any CPU.Build.0 = Release|Any CPU
	EndGlobalSection
	GlobalSection(SolutionProperties) = preSolution
		HideSolutionNode = FALSE
	EndGlobalSection
	GlobalSection(ExtensibilityGlobals) = postSolution
		SolutionGuid = {2020E639-DC3E-47D7-9973-5C682FAB2D36}
	EndGlobalSection
EndGlobal
