
Microsoft Visual Studio Solution File, Format Version 12.00
# Visual Studio Version 17
VisualStudioVersion = 17.10.35013.160
MinimumVisualStudioVersion = 10.0.40219.1
Project("{FAE04EC0-301F-11D3-BF4B-00C04F79EFBC}") = "lab1", "lab1.csproj", "{FBBBA01E-4E8D-4E98-992D-508BF4DBF091}"
EndProject
Global
	GlobalSection(SolutionConfigurationPlatforms) = preSolution
		Debug|Any CPU = Debug|Any CPU
		Release|Any CPU = Release|Any CPU
	EndGlobalSection
	GlobalSection(ProjectConfigurationPlatforms) = postSolution
		{FBBBA01E-4E8D-4E98-992D-508BF4DBF091}.Debug|Any CPU.ActiveCfg = Debug|Any CPU
		{FBBBA01E-4E8D-4E98-992D-508BF4DBF091}.Debug|Any CPU.Build.0 = Debug|Any CPU
		{FBBBA01E-4E8D-4E98-992D-508BF4DBF091}.Release|Any CPU.ActiveCfg = Release|Any CPU
		{FBBBA01E-4E8D-4E98-992D-508BF4DBF091}.Release|Any CPU.Build.0 = Release|Any CPU
	EndGlobalSection
	GlobalSection(SolutionProperties) = preSolution
		HideSolutionNode = FALSE
	EndGlobalSection
	GlobalSection(ExtensibilityGlobals) = postSolution
		SolutionGuid = {E4586364-4189-4413-BFFE-785A44FDEA49}
	EndGlobalSection
EndGlobal
